// !$*UTF8*$!
{
	archiveVersion = 1;
	classes = {
	};
	objectVersion = 56;
	objects = {

/* Begin PBXBuildFile section */
		F53804052A3B6FD00042DB7F /* WaterReminderApp.swift in Sources */ = {isa = PBXBuildFile; fileRef = F53804042A3B6FD00042DB7F /* WaterReminderApp.swift */; };
		F53804072A3B6FD00042DB7F /* ContentView.swift in Sources */ = {isa = PBXBuildFile; fileRef = F53804062A3B6FD00042DB7F /* ContentView.swift */; };
		F53804092A3B6FD00042DB7F /* Assets.xcassets in Resources */ = {isa = PBXBuildFile; fileRef = F53804082A3B6FD00042DB7F /* Assets.xcassets */; };
		F538040C2A3B6FD00042DB7F /* Preview Assets.xcassets in Resources */ = {isa = PBXBuildFile; fileRef = F538040B2A3B6FD00042DB7F /* Preview Assets.xcassets */; };
		F53804162A3B70440042DB7F /* DataController.swift in Sources */ = {isa = PBXBuildFile; fileRef = F53804152A3B70440042DB7F /* DataController.swift */; };
		F53804182A3B70B40042DB7F /* HomeView.swift in Sources */ = {isa = PBXBuildFile; fileRef = F53804172A3B70B40042DB7F /* HomeView.swift */; };
		F538041A2A3B73220042DB7F /* ChartsView.swift in Sources */ = {isa = PBXBuildFile; fileRef = F53804192A3B73220042DB7F /* ChartsView.swift */; };
		F538041D2A3B73600042DB7F /* ProfileView.swift in Sources */ = {isa = PBXBuildFile; fileRef = F538041C2A3B73600042DB7F /* ProfileView.swift */; };
		F538041F2A3B74EC0042DB7F /* CircularProgressBarView.swift in Sources */ = {isa = PBXBuildFile; fileRef = F538041E2A3B74EC0042DB7F /* CircularProgressBarView.swift */; };
		F53804242A3B95460042DB7F /* NewDrinkView.swift in Sources */ = {isa = PBXBuildFile; fileRef = F53804232A3B95460042DB7F /* NewDrinkView.swift */; };
		F53804262A3B98200042DB7F /* DrinkButtonView.swift in Sources */ = {isa = PBXBuildFile; fileRef = F53804252A3B98200042DB7F /* DrinkButtonView.swift */; };
		F53804292A3C86280042DB7F /* BackgroundView.swift in Sources */ = {isa = PBXBuildFile; fileRef = F53804282A3C86280042DB7F /* BackgroundView.swift */; };
		F5D610D82A3C8F0100911A62 /* DataModel.xcdatamodeld in Sources */ = {isa = PBXBuildFile; fileRef = F5D610D62A3C8F0100911A62 /* DataModel.xcdatamodeld */; };
/* End PBXBuildFile section */

/* Begin PBXFileReference section */
		F53804012A3B6FD00042DB7F /* WaterReminder.app */ = {isa = PBXFileReference; explicitFileType = wrapper.application; includeInIndex = 0; path = WaterReminder.app; sourceTree = BUILT_PRODUCTS_DIR; };
		F53804042A3B6FD00042DB7F /* WaterReminderApp.swift */ = {isa = PBXFileReference; lastKnownFileType = sourcecode.swift; path = WaterReminderApp.swift; sourceTree = "<group>"; };
		F53804062A3B6FD00042DB7F /* ContentView.swift */ = {isa = PBXFileReference; lastKnownFileType = sourcecode.swift; path = ContentView.swift; sourceTree = "<group>"; };
		F53804082A3B6FD00042DB7F /* Assets.xcassets */ = {isa = PBXFileReference; lastKnownFileType = folder.assetcatalog; path = Assets.xcassets; sourceTree = "<group>"; };
		F538040B2A3B6FD00042DB7F /* Preview Assets.xcassets */ = {isa = PBXFileReference; lastKnownFileType = folder.assetcatalog; path = "Preview Assets.xcassets"; sourceTree = "<group>"; };
		F53804152A3B70440042DB7F /* DataController.swift */ = {isa = PBXFileReference; lastKnownFileType = sourcecode.swift; path = DataController.swift; sourceTree = "<group>"; };
		F53804172A3B70B40042DB7F /* HomeView.swift */ = {isa = PBXFileReference; lastKnownFileType = sourcecode.swift; path = HomeView.swift; sourceTree = "<group>"; };
		F53804192A3B73220042DB7F /* ChartsView.swift */ = {isa = PBXFileReference; lastKnownFileType = sourcecode.swift; path = ChartsView.swift; sourceTree = "<group>"; };
		F538041C2A3B73600042DB7F /* ProfileView.swift */ = {isa = PBXFileReference; lastKnownFileType = sourcecode.swift; path = ProfileView.swift; sourceTree = "<group>"; };
		F538041E2A3B74EC0042DB7F /* CircularProgressBarView.swift */ = {isa = PBXFileReference; lastKnownFileType = sourcecode.swift; path = CircularProgressBarView.swift; sourceTree = "<group>"; };
		F53804232A3B95460042DB7F /* NewDrinkView.swift */ = {isa = PBXFileReference; lastKnownFileType = sourcecode.swift; path = NewDrinkView.swift; sourceTree = "<group>"; };
		F53804252A3B98200042DB7F /* DrinkButtonView.swift */ = {isa = PBXFileReference; lastKnownFileType = sourcecode.swift; path = DrinkButtonView.swift; sourceTree = "<group>"; };
		F53804282A3C86280042DB7F /* BackgroundView.swift */ = {isa = PBXFileReference; lastKnownFileType = sourcecode.swift; path = BackgroundView.swift; sourceTree = "<group>"; };
		F5D610D72A3C8F0100911A62 /* DataModel.xcdatamodel */ = {isa = PBXFileReference; lastKnownFileType = wrapper.xcdatamodel; path = DataModel.xcdatamodel; sourceTree = "<group>"; };
/* End PBXFileReference section */

/* Begin PBXFrameworksBuildPhase section */
		F53803FE2A3B6FD00042DB7F /* Frameworks */ = {
			isa = PBXFrameworksBuildPhase;
			buildActionMask = 2147483647;
			files = (
			);
			runOnlyForDeploymentPostprocessing = 0;
		};
/* End PBXFrameworksBuildPhase section */

/* Begin PBXGroup section */
		F53803F82A3B6FD00042DB7F = {
			isa = PBXGroup;
			children = (
				F53804032A3B6FD00042DB7F /* WaterReminder */,
				F53804022A3B6FD00042DB7F /* Products */,
			);
			sourceTree = "<group>";
		};
		F53804022A3B6FD00042DB7F /* Products */ = {
			isa = PBXGroup;
			children = (
				F53804012A3B6FD00042DB7F /* WaterReminder.app */,
			);
			name = Products;
			sourceTree = "<group>";
		};
		F53804032A3B6FD00042DB7F /* WaterReminder */ = {
			isa = PBXGroup;
			children = (
				F53804272A3C86180042DB7F /* Helpers */,
				F53804142A3B70350042DB7F /* Screens */,
				F53804132A3B701C0042DB7F /* Views */,
				F53804122A3B70170042DB7F /* Data */,
				F53804042A3B6FD00042DB7F /* WaterReminderApp.swift */,
				F53804062A3B6FD00042DB7F /* ContentView.swift */,
				F53804082A3B6FD00042DB7F /* Assets.xcassets */,
				F538040A2A3B6FD00042DB7F /* Preview Content */,
			);
			path = WaterReminder;
			sourceTree = "<group>";
		};
		F538040A2A3B6FD00042DB7F /* Preview Content */ = {
			isa = PBXGroup;
			children = (
				F538040B2A3B6FD00042DB7F /* Preview Assets.xcassets */,
			);
			path = "Preview Content";
			sourceTree = "<group>";
		};
		F53804122A3B70170042DB7F /* Data */ = {
			isa = PBXGroup;
			children = (
				F53804152A3B70440042DB7F /* DataController.swift */,
				F5D610D62A3C8F0100911A62 /* DataModel.xcdatamodeld */,
			);
			path = Data;
			sourceTree = "<group>";
		};
		F53804132A3B701C0042DB7F /* Views */ = {
			isa = PBXGroup;
			children = (
				F538041E2A3B74EC0042DB7F /* CircularProgressBarView.swift */,
				F53804252A3B98200042DB7F /* DrinkButtonView.swift */,
			);
			path = Views;
			sourceTree = "<group>";
		};
		F53804142A3B70350042DB7F /* Screens */ = {
			isa = PBXGroup;
			children = (
				F53804172A3B70B40042DB7F /* HomeView.swift */,
				F53804192A3B73220042DB7F /* ChartsView.swift */,
				F538041C2A3B73600042DB7F /* ProfileView.swift */,
				F53804232A3B95460042DB7F /* NewDrinkView.swift */,
			);
			path = Screens;
			sourceTree = "<group>";
		};
		F53804272A3C86180042DB7F /* Helpers */ = {
			isa = PBXGroup;
			children = (
				F53804282A3C86280042DB7F /* BackgroundView.swift */,
			);
			path = Helpers;
			sourceTree = "<group>";
		};
/* End PBXGroup section */

/* Begin PBXNativeTarget section */
		F53804002A3B6FD00042DB7F /* WaterReminder */ = {
			isa = PBXNativeTarget;
			buildConfigurationList = F538040F2A3B6FD00042DB7F /* Build configuration list for PBXNativeTarget "WaterReminder" */;
			buildPhases = (
				F53803FD2A3B6FD00042DB7F /* Sources */,
				F53803FE2A3B6FD00042DB7F /* Frameworks */,
				F53803FF2A3B6FD00042DB7F /* Resources */,
			);
			buildRules = (
			);
			dependencies = (
			);
			name = WaterReminder;
			productName = WaterReminder;
			productReference = F53804012A3B6FD00042DB7F /* WaterReminder.app */;
			productType = "com.apple.product-type.application";
		};
/* End PBXNativeTarget section */

/* Begin PBXProject section */
		F53803F92A3B6FD00042DB7F /* Project object */ = {
			isa = PBXProject;
			attributes = {
				BuildIndependentTargetsInParallel = 1;
				LastSwiftUpdateCheck = 1430;
				LastUpgradeCheck = 1430;
				TargetAttributes = {
					F53804002A3B6FD00042DB7F = {
						CreatedOnToolsVersion = 14.3.1;
					};
				};
			};
			buildConfigurationList = F53803FC2A3B6FD00042DB7F /* Build configuration list for PBXProject "WaterReminder" */;
			compatibilityVersion = "Xcode 14.0";
			developmentRegion = en;
			hasScannedForEncodings = 0;
			knownRegions = (
				en,
				Base,
			);
			mainGroup = F53803F82A3B6FD00042DB7F;
			productRefGroup = F53804022A3B6FD00042DB7F /* Products */;
			projectDirPath = "";
			projectRoot = "";
			targets = (
				F53804002A3B6FD00042DB7F /* WaterReminder */,
			);
		};
/* End PBXProject section */

/* Begin PBXResourcesBuildPhase section */
		F53803FF2A3B6FD00042DB7F /* Resources */ = {
			isa = PBXResourcesBuildPhase;
			buildActionMask = 2147483647;
			files = (
				F538040C2A3B6FD00042DB7F /* Preview Assets.xcassets in Resources */,
				F53804092A3B6FD00042DB7F /* Assets.xcassets in Resources */,
			);
			runOnlyForDeploymentPostprocessing = 0;
		};
/* End PBXResourcesBuildPhase section */

/* Begin PBXSourcesBuildPhase section */
		F53803FD2A3B6FD00042DB7F /* Sources */ = {
			isa = PBXSourcesBuildPhase;
			buildActionMask = 2147483647;
			files = (
				F5D610D82A3C8F0100911A62 /* DataModel.xcdatamodeld in Sources */,
				F538041F2A3B74EC0042DB7F /* CircularProgressBarView.swift in Sources */,
				F53804292A3C86280042DB7F /* BackgroundView.swift in Sources */,
				F53804072A3B6FD00042DB7F /* ContentView.swift in Sources */,
				F53804182A3B70B40042DB7F /* HomeView.swift in Sources */,
				F538041A2A3B73220042DB7F /* ChartsView.swift in Sources */,
				F53804162A3B70440042DB7F /* DataController.swift in Sources */,
				F538041D2A3B73600042DB7F /* ProfileView.swift in Sources */,
				F53804262A3B98200042DB7F /* DrinkButtonView.swift in Sources */,
				F53804242A3B95460042DB7F /* NewDrinkView.swift in Sources */,
				F53804052A3B6FD00042DB7F /* WaterReminderApp.swift in Sources */,
			);
			runOnlyForDeploymentPostprocessing = 0;
		};
/* End PBXSourcesBuildPhase section */

/* Begin XCBuildConfiguration section */
		F538040D2A3B6FD00042DB7F /* Debug */ = {
			isa = XCBuildConfiguration;
			buildSettings = {
				ALWAYS_SEARCH_USER_PATHS = NO;
				CLANG_ANALYZER_NONNULL = YES;
				CLANG_ANALYZER_NUMBER_OBJECT_CONVERSION = YES_AGGRESSIVE;
				CLANG_CXX_LANGUAGE_STANDARD = "gnu++20";
				CLANG_ENABLE_MODULES = YES;
				CLANG_ENABLE_OBJC_ARC = YES;
				CLANG_ENABLE_OBJC_WEAK = YES;
				CLANG_WARN_BLOCK_CAPTURE_AUTORELEASING = YES;
				CLANG_WARN_BOOL_CONVERSION = YES;
				CLANG_WARN_COMMA = YES;
				CLANG_WARN_CONSTANT_CONVERSION = YES;
				CLANG_WARN_DEPRECATED_OBJC_IMPLEMENTATIONS = YES;
				CLANG_WARN_DIRECT_OBJC_ISA_USAGE = YES_ERROR;
				CLANG_WARN_DOCUMENTATION_COMMENTS = YES;
				CLANG_WARN_EMPTY_BODY = YES;
				CLANG_WARN_ENUM_CONVERSION = YES;
				CLANG_WARN_INFINITE_RECURSION = YES;
				CLANG_WARN_INT_CONVERSION = YES;
				CLANG_WARN_NON_LITERAL_NULL_CONVERSION = YES;
				CLANG_WARN_OBJC_IMPLICIT_RETAIN_SELF = YES;
				CLANG_WARN_OBJC_LITERAL_CONVERSION = YES;
				CLANG_WARN_OBJC_ROOT_CLASS = YES_ERROR;
				CLANG_WARN_QUOTED_INCLUDE_IN_FRAMEWORK_HEADER = YES;
				CLANG_WARN_RANGE_LOOP_ANALYSIS = YES;
				CLANG_WARN_STRICT_PROTOTYPES = YES;
				CLANG_WARN_SUSPICIOUS_MOVE = YES;
				CLANG_WARN_UNGUARDED_AVAILABILITY = YES_AGGRESSIVE;
				CLANG_WARN_UNREACHABLE_CODE = YES;
				CLANG_WARN__DUPLICATE_METHOD_MATCH = YES;
				COPY_PHASE_STRIP = NO;
				DEBUG_INFORMATION_FORMAT = dwarf;
				ENABLE_STRICT_OBJC_MSGSEND = YES;
				ENABLE_TESTABILITY = YES;
				GCC_C_LANGUAGE_STANDARD = gnu11;
				GCC_DYNAMIC_NO_PIC = NO;
				GCC_NO_COMMON_BLOCKS = YES;
				GCC_OPTIMIZATION_LEVEL = 0;
				GCC_PREPROCESSOR_DEFINITIONS = (
					"DEBUG=1",
					"$(inherited)",
				);
				GCC_WARN_64_TO_32_BIT_CONVERSION = YES;
				GCC_WARN_ABOUT_RETURN_TYPE = YES_ERROR;
				GCC_WARN_UNDECLARED_SELECTOR = YES;
				GCC_WARN_UNINITIALIZED_AUTOS = YES_AGGRESSIVE;
				GCC_WARN_UNUSED_FUNCTION = YES;
				GCC_WARN_UNUSED_VARIABLE = YES;
				IPHONEOS_DEPLOYMENT_TARGET = 16.4;
				MTL_ENABLE_DEBUG_INFO = INCLUDE_SOURCE;
				MTL_FAST_MATH = YES;
				ONLY_ACTIVE_ARCH = YES;
				SDKROOT = iphoneos;
				SWIFT_ACTIVE_COMPILATION_CONDITIONS = DEBUG;
				SWIFT_OPTIMIZATION_LEVEL = "-Onone";
			};
			name = Debug;
		};
		F538040E2A3B6FD00042DB7F /* Release */ = {
			isa = XCBuildConfiguration;
			buildSettings = {
				ALWAYS_SEARCH_USER_PATHS = NO;
				CLANG_ANALYZER_NONNULL = YES;
				CLANG_ANALYZER_NUMBER_OBJECT_CONVERSION = YES_AGGRESSIVE;
				CLANG_CXX_LANGUAGE_STANDARD = "gnu++20";
				CLANG_ENABLE_MODULES = YES;
				CLANG_ENABLE_OBJC_ARC = YES;
				CLANG_ENABLE_OBJC_WEAK = YES;
				CLANG_WARN_BLOCK_CAPTURE_AUTORELEASING = YES;
				CLANG_WARN_BOOL_CONVERSION = YES;
				CLANG_WARN_COMMA = YES;
				CLANG_WARN_CONSTANT_CONVERSION = YES;
				CLANG_WARN_DEPRECATED_OBJC_IMPLEMENTATIONS = YES;
				CLANG_WARN_DIRECT_OBJC_ISA_USAGE = YES_ERROR;
				CLANG_WARN_DOCUMENTATION_COMMENTS = YES;
				CLANG_WARN_EMPTY_BODY = YES;
				CLANG_WARN_ENUM_CONVERSION = YES;
				CLANG_WARN_INFINITE_RECURSION = YES;
				CLANG_WARN_INT_CONVERSION = YES;
				CLANG_WARN_NON_LITERAL_NULL_CONVERSION = YES;
				CLANG_WARN_OBJC_IMPLICIT_RETAIN_SELF = YES;
				CLANG_WARN_OBJC_LITERAL_CONVERSION = YES;
				CLANG_WARN_OBJC_ROOT_CLASS = YES_ERROR;
				CLANG_WARN_QUOTED_INCLUDE_IN_FRAMEWORK_HEADER = YES;
				CLANG_WARN_RANGE_LOOP_ANALYSIS = YES;
				CLANG_WARN_STRICT_PROTOTYPES = YES;
				CLANG_WARN_SUSPICIOUS_MOVE = YES;
				CLANG_WARN_UNGUARDED_AVAILABILITY = YES_AGGRESSIVE;
				CLANG_WARN_UNREACHABLE_CODE = YES;
				CLANG_WARN__DUPLICATE_METHOD_MATCH = YES;
				COPY_PHASE_STRIP = NO;
				DEBUG_INFORMATION_FORMAT = "dwarf-with-dsym";
				ENABLE_NS_ASSERTIONS = NO;
				ENABLE_STRICT_OBJC_MSGSEND = YES;
				GCC_C_LANGUAGE_STANDARD = gnu11;
				GCC_NO_COMMON_BLOCKS = YES;
				GCC_WARN_64_TO_32_BIT_CONVERSION = YES;
				GCC_WARN_ABOUT_RETURN_TYPE = YES_ERROR;
				GCC_WARN_UNDECLARED_SELECTOR = YES;
				GCC_WARN_UNINITIALIZED_AUTOS = YES_AGGRESSIVE;
				GCC_WARN_UNUSED_FUNCTION = YES;
				GCC_WARN_UNUSED_VARIABLE = YES;
				IPHONEOS_DEPLOYMENT_TARGET = 16.4;
				MTL_ENABLE_DEBUG_INFO = NO;
				MTL_FAST_MATH = YES;
				SDKROOT = iphoneos;
				SWIFT_COMPILATION_MODE = wholemodule;
				SWIFT_OPTIMIZATION_LEVEL = "-O";
				VALIDATE_PRODUCT = YES;
			};
			name = Release;
		};
		F53804102A3B6FD00042DB7F /* Debug */ = {
			isa = XCBuildConfiguration;
			buildSettings = {
				ASSETCATALOG_COMPILER_APPICON_NAME = AppIcon;
				ASSETCATALOG_COMPILER_GLOBAL_ACCENT_COLOR_NAME = AccentColor;
				CODE_SIGN_STYLE = Automatic;
				CURRENT_PROJECT_VERSION = 1;
				DEVELOPMENT_ASSET_PATHS = "\"WaterReminder/Preview Content\"";
				DEVELOPMENT_TEAM = 5BDQ5WR29P;
				ENABLE_PREVIEWS = YES;
				GENERATE_INFOPLIST_FILE = YES;
				INFOPLIST_KEY_UIApplicationSceneManifest_Generation = YES;
				INFOPLIST_KEY_UIApplicationSupportsIndirectInputEvents = YES;
				INFOPLIST_KEY_UILaunchScreen_Generation = YES;
				INFOPLIST_KEY_UISupportedInterfaceOrientations_iPad = "UIInterfaceOrientationPortrait UIInterfaceOrientationPortraitUpsideDown UIInterfaceOrientationLandscapeLeft UIInterfaceOrientationLandscapeRight";
				INFOPLIST_KEY_UISupportedInterfaceOrientations_iPhone = "UIInterfaceOrientationPortrait UIInterfaceOrientationLandscapeLeft UIInterfaceOrientationLandscapeRight";
				LD_RUNPATH_SEARCH_PATHS = (
					"$(inherited)",
					"@executable_path/Frameworks",
				);
				MARKETING_VERSION = 1.0;
				PRODUCT_BUNDLE_IDENTIFIER = com.bariscansertkaya.WaterReminder;
				PRODUCT_NAME = "$(TARGET_NAME)";
				SWIFT_EMIT_LOC_STRINGS = YES;
				SWIFT_VERSION = 5.0;
				TARGETED_DEVICE_FAMILY = "1,2";
			};
			name = Debug;
		};
		F53804112A3B6FD00042DB7F /* Release */ = {
			isa = XCBuildConfiguration;
			buildSettings = {
				ASSETCATALOG_COMPILER_APPICON_NAME = AppIcon;
				ASSETCATALOG_COMPILER_GLOBAL_ACCENT_COLOR_NAME = AccentColor;
				CODE_SIGN_STYLE = Automatic;
				CURRENT_PROJECT_VERSION = 1;
				DEVELOPMENT_ASSET_PATHS = "\"WaterReminder/Preview Content\"";
				DEVELOPMENT_TEAM = 5BDQ5WR29P;
				ENABLE_PREVIEWS = YES;
				GENERATE_INFOPLIST_FILE = YES;
				INFOPLIST_KEY_UIApplicationSceneManifest_Generation = YES;
				INFOPLIST_KEY_UIApplicationSupportsIndirectInputEvents = YES;
				INFOPLIST_KEY_UILaunchScreen_Generation = YES;
				INFOPLIST_KEY_UISupportedInterfaceOrientations_iPad = "UIInterfaceOrientationPortrait UIInterfaceOrientationPortraitUpsideDown UIInterfaceOrientationLandscapeLeft UIInterfaceOrientationLandscapeRight";
				INFOPLIST_KEY_UISupportedInterfaceOrientations_iPhone = "UIInterfaceOrientationPortrait UIInterfaceOrientationLandscapeLeft UIInterfaceOrientationLandscapeRight";
				LD_RUNPATH_SEARCH_PATHS = (
					"$(inherited)",
					"@executable_path/Frameworks",
				);
				MARKETING_VERSION = 1.0;
				PRODUCT_BUNDLE_IDENTIFIER = com.bariscansertkaya.WaterReminder;
				PRODUCT_NAME = "$(TARGET_NAME)";
				SWIFT_EMIT_LOC_STRINGS = YES;
				SWIFT_VERSION = 5.0;
				TARGETED_DEVICE_FAMILY = "1,2";
			};
			name = Release;
		};
/* End XCBuildConfiguration section */

/* Begin XCConfigurationList section */
		F53803FC2A3B6FD00042DB7F /* Build configuration list for PBXProject "WaterReminder" */ = {
			isa = XCConfigurationList;
			buildConfigurations = (
				F538040D2A3B6FD00042DB7F /* Debug */,
				F538040E2A3B6FD00042DB7F /* Release */,
			);
			defaultConfigurationIsVisible = 0;
			defaultConfigurationName = Release;
		};
		F538040F2A3B6FD00042DB7F /* Build configuration list for PBXNativeTarget "WaterReminder" */ = {
			isa = XCConfigurationList;
			buildConfigurations = (
				F53804102A3B6FD00042DB7F /* Debug */,
				F53804112A3B6FD00042DB7F /* Release */,
			);
			defaultConfigurationIsVisible = 0;
			defaultConfigurationName = Release;
		};
/* End XCConfigurationList section */

/* Begin XCVersionGroup section */
		F5D610D62A3C8F0100911A62 /* DataModel.xcdatamodeld */ = {
			isa = XCVersionGroup;
			children = (
				F5D610D72A3C8F0100911A62 /* DataModel.xcdatamodel */,
			);
			currentVersion = F5D610D72A3C8F0100911A62 /* DataModel.xcdatamodel */;
			path = DataModel.xcdatamodeld;
			sourceTree = "<group>";
			versionGroupType = wrapper.xcdatamodel;
		};
/* End XCVersionGroup section */
	};
	rootObject = F53803F92A3B6FD00042DB7F /* Project object */;
}
